
Microsoft Visual Studio Solution File, Format Version 12.00
# Visual Studio Version 16
VisualStudioVersion = 16.0.29503.13
MinimumVisualStudioVersion = 10.0.40219.1
Project("{FAE04EC0-301F-11D3-BF4B-00C04F79EFBC}") = "Eyon.Site", "Eyon.Site\Eyon.Site.csproj", "{A81A6BC4-D0B5-4BFA-BF9B-60F6B5FC94F4}"
EndProject
Project("{FAE04EC0-301F-11D3-BF4B-00C04F79EFBC}") = "Eyon.DataAccess", "Eyon.DataAccess\Eyon.DataAccess.csproj", "{85447B09-8C0C-4220-970C-6D39D1BAA4E1}"
EndProject
Project("{FAE04EC0-301F-11D3-BF4B-00C04F79EFBC}") = "Eyon.Models", "Eyon.Models\Eyon.Models.csproj", "{E288DEEB-1E68-4863-B121-D012D20AB5E3}"
EndProject
Project("{FAE04EC0-301F-11D3-BF4B-00C04F79EFBC}") = "Eyon.Utilities", "Eyon.Utilities\Eyon.Utilities.csproj", "{F3AD6785-588B-41D8-85C3-ECAABAFFCA0C}"
EndProject
Project("{FAE04EC0-301F-11D3-BF4B-00C04F79EFBC}") = "Eyon.UnitTests", "Eyon.UnitTests\Eyon.UnitTests.csproj", "{427C3D77-B654-44C2-A2D5-98B2F7D55C81}"
EndProject
Global
	GlobalSection(SolutionConfigurationPlatforms) = preSolution
		Debug|Any CPU = Debug|Any CPU
		Release|Any CPU = Release|Any CPU
	EndGlobalSection
	GlobalSection(ProjectConfigurationPlatforms) = postSolution
		{A81A6BC4-D0B5-4BFA-BF9B-60F6B5FC94F4}.Debug|Any CPU.ActiveCfg = Debug|Any CPU
		{A81A6BC4-D0B5-4BFA-BF9B-60F6B5FC94F4}.Debug|Any CPU.Build.0 = Debug|Any CPU
		{A81A6BC4-D0B5-4BFA-BF9B-60F6B5FC94F4}.Release|Any CPU.ActiveCfg = Release|Any CPU
		{A81A6BC4-D0B5-4BFA-BF9B-60F6B5FC94F4}.Release|Any CPU.Build.0 = Release|Any CPU
		{85447B09-8C0C-4220-970C-6D39D1BAA4E1}.Debug|Any CPU.ActiveCfg = Debug|Any CPU
		{85447B09-8C0C-4220-970C-6D39D1BAA4E1}.Debug|Any CPU.Build.0 = Debug|Any CPU
		{85447B09-8C0C-4220-970C-6D39D1BAA4E1}.Release|Any CPU.ActiveCfg = Release|Any CPU
		{85447B09-8C0C-4220-970C-6D39D1BAA4E1}.Release|Any CPU.Build.0 = Release|Any CPU
		{E288DEEB-1E68-4863-B121-D012D20AB5E3}.Debug|Any CPU.ActiveCfg = Debug|Any CPU
		{E288DEEB-1E68-4863-B121-D012D20AB5E3}.Debug|Any CPU.Build.0 = Debug|Any CPU
		{E288DEEB-1E68-4863-B121-D012D20AB5E3}.Release|Any CPU.ActiveCfg = Release|Any CPU
		{E288DEEB-1E68-4863-B121-D012D20AB5E3}.Release|Any CPU.Build.0 = Release|Any CPU
		{F3AD6785-588B-41D8-85C3-ECAABAFFCA0C}.Debug|Any CPU.ActiveCfg = Debug|Any CPU
		{F3AD6785-588B-41D8-85C3-ECAABAFFCA0C}.Debug|Any CPU.Build.0 = Debug|Any CPU
		{F3AD6785-588B-41D8-85C3-ECAABAFFCA0C}.Release|Any CPU.ActiveCfg = Release|Any CPU
		{F3AD6785-588B-41D8-85C3-ECAABAFFCA0C}.Release|Any CPU.Build.0 = Release|Any CPU
		{427C3D77-B654-44C2-A2D5-98B2F7D55C81}.Debug|Any CPU.ActiveCfg = Debug|Any CPU
		{427C3D77-B654-44C2-A2D5-98B2F7D55C81}.Debug|Any CPU.Build.0 = Debug|Any CPU
		{427C3D77-B654-44C2-A2D5-98B2F7D55C81}.Release|Any CPU.ActiveCfg = Release|Any CPU
		{427C3D77-B654-44C2-A2D5-98B2F7D55C81}.Release|Any CPU.Build.0 = Release|Any CPU
	EndGlobalSection
	GlobalSection(SolutionProperties) = preSolution
		HideSolutionNode = FALSE
	EndGlobalSection
	GlobalSection(ExtensibilityGlobals) = postSolution
		SolutionGuid = {5E82567A-73C5-4987-839D-AA77699B8A52}
	EndGlobalSection
EndGlobal
