
Microsoft Visual Studio Solution File, Format Version 12.00
# Visual Studio Version 16
VisualStudioVersion = 16.0.29503.13
MinimumVisualStudioVersion = 10.0.40219.1
Project("{FAE04EC0-301F-11D3-BF4B-00C04F79EFBC}") = "Eyon.Site", "Eyon.Site\Eyon.Site.csproj", "{6744D4CC-68E3-4E50-8325-84C029AFD594}"
EndProject
Project("{FAE04EC0-301F-11D3-BF4B-00C04F79EFBC}") = "Eyon.DataAccess", "Eyon.DataAccess\Eyon.DataAccess.csproj", "{1430AF54-5CD8-4C70-ADA1-EC00B8032D71}"
EndProject
Project("{FAE04EC0-301F-11D3-BF4B-00C04F79EFBC}") = "Eyon.Models", "Eyon.Models\Eyon.Models.csproj", "{6EEB0FD0-3181-446E-96C9-630D508ECCA2}"
EndProject
Project("{FAE04EC0-301F-11D3-BF4B-00C04F79EFBC}") = "Eyon.Utilities", "Eyon.Utilities\Eyon.Utilities.csproj", "{072839F4-C75D-4D84-909D-3C40879A0FBD}"
EndProject
Global
	GlobalSection(SolutionConfigurationPlatforms) = preSolution
		Debug|Any CPU = Debug|Any CPU
		Release|Any CPU = Release|Any CPU
	EndGlobalSection
	GlobalSection(ProjectConfigurationPlatforms) = postSolution
		{6744D4CC-68E3-4E50-8325-84C029AFD594}.Debug|Any CPU.ActiveCfg = Debug|Any CPU
		{6744D4CC-68E3-4E50-8325-84C029AFD594}.Debug|Any CPU.Build.0 = Debug|Any CPU
		{6744D4CC-68E3-4E50-8325-84C029AFD594}.Release|Any CPU.ActiveCfg = Release|Any CPU
		{6744D4CC-68E3-4E50-8325-84C029AFD594}.Release|Any CPU.Build.0 = Release|Any CPU
		{1430AF54-5CD8-4C70-ADA1-EC00B8032D71}.Debug|Any CPU.ActiveCfg = Debug|Any CPU
		{1430AF54-5CD8-4C70-ADA1-EC00B8032D71}.Debug|Any CPU.Build.0 = Debug|Any CPU
		{1430AF54-5CD8-4C70-ADA1-EC00B8032D71}.Release|Any CPU.ActiveCfg = Release|Any CPU
		{1430AF54-5CD8-4C70-ADA1-EC00B8032D71}.Release|Any CPU.Build.0 = Release|Any CPU
		{6EEB0FD0-3181-446E-96C9-630D508ECCA2}.Debug|Any CPU.ActiveCfg = Debug|Any CPU
		{6EEB0FD0-3181-446E-96C9-630D508ECCA2}.Debug|Any CPU.Build.0 = Debug|Any CPU
		{6EEB0FD0-3181-446E-96C9-630D508ECCA2}.Release|Any CPU.ActiveCfg = Release|Any CPU
		{6EEB0FD0-3181-446E-96C9-630D508ECCA2}.Release|Any CPU.Build.0 = Release|Any CPU
		{072839F4-C75D-4D84-909D-3C40879A0FBD}.Debug|Any CPU.ActiveCfg = Debug|Any CPU
		{072839F4-C75D-4D84-909D-3C40879A0FBD}.Debug|Any CPU.Build.0 = Debug|Any CPU
		{072839F4-C75D-4D84-909D-3C40879A0FBD}.Release|Any CPU.ActiveCfg = Release|Any CPU
		{072839F4-C75D-4D84-909D-3C40879A0FBD}.Release|Any CPU.Build.0 = Release|Any CPU
	EndGlobalSection
	GlobalSection(SolutionProperties) = preSolution
		HideSolutionNode = FALSE
	EndGlobalSection
	GlobalSection(ExtensibilityGlobals) = postSolution
		SolutionGuid = {019CB6B3-AF66-40CD-8A54-ECD3CDCC0D9C}
	EndGlobalSection
EndGlobal
